
Microsoft Visual Studio Solution File, Format Version 12.00
# Visual Studio Version 17
VisualStudioVersion = 17.13.35806.99
MinimumVisualStudioVersion = 10.0.40219.1
Project("{FAE04EC0-301F-11D3-BF4B-00C04F79EFBC}") = "BulkyBookWeb", "BulkyWeb\BulkyBookWeb.csproj", "{0DC16921-B781-4092-A7E2-7C1B1FC814CE}"
EndProject
Project("{FAE04EC0-301F-11D3-BF4B-00C04F79EFBC}") = "BulkyWebRazor_Temp", "BulkyWebRazor_Temp\BulkyWebRazor_Temp.csproj", "{95DAC6E3-20A3-4DCC-9E58-DD970DDCA19B}"
EndProject
Project("{FAE04EC0-301F-11D3-BF4B-00C04F79EFBC}") = "BulkyBook.DataAccess", "Bulky.DataAccess\BulkyBook.DataAccess.csproj", "{393B14E8-A009-4D6E-B026-3E5EE289047F}"
EndProject
Project("{FAE04EC0-301F-11D3-BF4B-00C04F79EFBC}") = "BulkyBook.Models", "Bulky.Models\BulkyBook.Models.csproj", "{C6E65FE2-A4CB-4B01-BE34-2645CAD74E15}"
EndProject
Project("{FAE04EC0-301F-11D3-BF4B-00C04F79EFBC}") = "BulkyBook.Utility", "Bulky.Utility\BulkyBook.Utility.csproj", "{26CE1D0A-A65E-4F51-917F-8DD4579BA087}"
EndProject
Global
	GlobalSection(SolutionConfigurationPlatforms) = preSolution
		Debug|Any CPU = Debug|Any CPU
		Release|Any CPU = Release|Any CPU
	EndGlobalSection
	GlobalSection(ProjectConfigurationPlatforms) = postSolution
		{0DC16921-B781-4092-A7E2-7C1B1FC814CE}.Debug|Any CPU.ActiveCfg = Debug|Any CPU
		{0DC16921-B781-4092-A7E2-7C1B1FC814CE}.Debug|Any CPU.Build.0 = Debug|Any CPU
		{0DC16921-B781-4092-A7E2-7C1B1FC814CE}.Release|Any CPU.ActiveCfg = Release|Any CPU
		{0DC16921-B781-4092-A7E2-7C1B1FC814CE}.Release|Any CPU.Build.0 = Release|Any CPU
		{95DAC6E3-20A3-4DCC-9E58-DD970DDCA19B}.Debug|Any CPU.ActiveCfg = Debug|Any CPU
		{95DAC6E3-20A3-4DCC-9E58-DD970DDCA19B}.Debug|Any CPU.Build.0 = Debug|Any CPU
		{95DAC6E3-20A3-4DCC-9E58-DD970DDCA19B}.Release|Any CPU.ActiveCfg = Release|Any CPU
		{95DAC6E3-20A3-4DCC-9E58-DD970DDCA19B}.Release|Any CPU.Build.0 = Release|Any CPU
		{393B14E8-A009-4D6E-B026-3E5EE289047F}.Debug|Any CPU.ActiveCfg = Debug|Any CPU
		{393B14E8-A009-4D6E-B026-3E5EE289047F}.Debug|Any CPU.Build.0 = Debug|Any CPU
		{393B14E8-A009-4D6E-B026-3E5EE289047F}.Release|Any CPU.ActiveCfg = Release|Any CPU
		{393B14E8-A009-4D6E-B026-3E5EE289047F}.Release|Any CPU.Build.0 = Release|Any CPU
		{C6E65FE2-A4CB-4B01-BE34-2645CAD74E15}.Debug|Any CPU.ActiveCfg = Debug|Any CPU
		{C6E65FE2-A4CB-4B01-BE34-2645CAD74E15}.Debug|Any CPU.Build.0 = Debug|Any CPU
		{C6E65FE2-A4CB-4B01-BE34-2645CAD74E15}.Release|Any CPU.ActiveCfg = Release|Any CPU
		{C6E65FE2-A4CB-4B01-BE34-2645CAD74E15}.Release|Any CPU.Build.0 = Release|Any CPU
		{26CE1D0A-A65E-4F51-917F-8DD4579BA087}.Debug|Any CPU.ActiveCfg = Debug|Any CPU
		{26CE1D0A-A65E-4F51-917F-8DD4579BA087}.Debug|Any CPU.Build.0 = Debug|Any CPU
		{26CE1D0A-A65E-4F51-917F-8DD4579BA087}.Release|Any CPU.ActiveCfg = Release|Any CPU
		{26CE1D0A-A65E-4F51-917F-8DD4579BA087}.Release|Any CPU.Build.0 = Release|Any CPU
	EndGlobalSection
	GlobalSection(SolutionProperties) = preSolution
		HideSolutionNode = FALSE
	EndGlobalSection
	GlobalSection(ExtensibilityGlobals) = postSolution
		SolutionGuid = {A2A66E88-6DA6-40AB-8DFA-1C8164B98349}
	EndGlobalSection
EndGlobal
